
Microsoft Visual Studio Solution File, Format Version 12.00
# Visual Studio 15
Project("{FAE04EC0-301F-11D3-BF4B-00C04F79EFBC}") = "Playground.iOS", "Playground.iOS\Playground.iOS.csproj", "{F335EE39-1938-4417-A6CC-745073EE8DE2}"
EndProject
Project("{FAE04EC0-301F-11D3-BF4B-00C04F79EFBC}") = "Playground", "Playground\Playground.csproj", "{B8516711-4B40-4DE8-B00F-6B708FA2C642}"
EndProject
Global
	GlobalSection(SolutionConfigurationPlatforms) = preSolution
		Debug|iPhoneSimulator = Debug|iPhoneSimulator
		Release|iPhoneSimulator = Release|iPhoneSimulator
		Debug|iPhone = Debug|iPhone
		Release|iPhone = Release|iPhone
		Ad-Hoc|iPhone = Ad-Hoc|iPhone
		AppStore|iPhone = AppStore|iPhone
		Debug|Any CPU = Debug|Any CPU
		Release|Any CPU = Release|Any CPU
		Gorilla|Any CPU = Gorilla|Any CPU
		Gorilla|iPhoneSimulator = Gorilla|iPhoneSimulator
	EndGlobalSection
	GlobalSection(ProjectConfigurationPlatforms) = postSolution
		{F335EE39-1938-4417-A6CC-745073EE8DE2}.Debug|iPhoneSimulator.ActiveCfg = Debug|iPhoneSimulator
		{F335EE39-1938-4417-A6CC-745073EE8DE2}.Debug|iPhoneSimulator.Build.0 = Debug|iPhoneSimulator
		{F335EE39-1938-4417-A6CC-745073EE8DE2}.Release|iPhoneSimulator.ActiveCfg = Release|iPhoneSimulator
		{F335EE39-1938-4417-A6CC-745073EE8DE2}.Release|iPhoneSimulator.Build.0 = Release|iPhoneSimulator
		{F335EE39-1938-4417-A6CC-745073EE8DE2}.Debug|iPhone.ActiveCfg = Debug|iPhone
		{F335EE39-1938-4417-A6CC-745073EE8DE2}.Debug|iPhone.Build.0 = Debug|iPhone
		{F335EE39-1938-4417-A6CC-745073EE8DE2}.Release|iPhone.ActiveCfg = Release|iPhone
		{F335EE39-1938-4417-A6CC-745073EE8DE2}.Release|iPhone.Build.0 = Release|iPhone
		{F335EE39-1938-4417-A6CC-745073EE8DE2}.Ad-Hoc|iPhone.ActiveCfg = Ad-Hoc|iPhone
		{F335EE39-1938-4417-A6CC-745073EE8DE2}.Ad-Hoc|iPhone.Build.0 = Ad-Hoc|iPhone
		{F335EE39-1938-4417-A6CC-745073EE8DE2}.AppStore|iPhone.ActiveCfg = AppStore|iPhone
		{F335EE39-1938-4417-A6CC-745073EE8DE2}.AppStore|iPhone.Build.0 = AppStore|iPhone
		{F335EE39-1938-4417-A6CC-745073EE8DE2}.Debug|Any CPU.ActiveCfg = Debug|iPhoneSimulator
		{F335EE39-1938-4417-A6CC-745073EE8DE2}.Debug|Any CPU.Build.0 = Debug|iPhoneSimulator
		{F335EE39-1938-4417-A6CC-745073EE8DE2}.Release|Any CPU.ActiveCfg = Release|iPhoneSimulator
		{F335EE39-1938-4417-A6CC-745073EE8DE2}.Release|Any CPU.Build.0 = Release|iPhoneSimulator
		{F335EE39-1938-4417-A6CC-745073EE8DE2}.Gorilla|iPhoneSimulator.ActiveCfg = Gorilla|iPhoneSimulator
		{F335EE39-1938-4417-A6CC-745073EE8DE2}.Gorilla|iPhoneSimulator.Build.0 = Gorilla|iPhoneSimulator
		{B8516711-4B40-4DE8-B00F-6B708FA2C642}.Debug|iPhoneSimulator.ActiveCfg = Debug|Any CPU
		{B8516711-4B40-4DE8-B00F-6B708FA2C642}.Debug|iPhoneSimulator.Build.0 = Debug|Any CPU
		{B8516711-4B40-4DE8-B00F-6B708FA2C642}.Release|iPhoneSimulator.ActiveCfg = Release|Any CPU
		{B8516711-4B40-4DE8-B00F-6B708FA2C642}.Release|iPhoneSimulator.Build.0 = Release|Any CPU
		{B8516711-4B40-4DE8-B00F-6B708FA2C642}.Debug|iPhone.ActiveCfg = Debug|Any CPU
		{B8516711-4B40-4DE8-B00F-6B708FA2C642}.Debug|iPhone.Build.0 = Debug|Any CPU
		{B8516711-4B40-4DE8-B00F-6B708FA2C642}.Release|iPhone.ActiveCfg = Release|Any CPU
		{B8516711-4B40-4DE8-B00F-6B708FA2C642}.Release|iPhone.Build.0 = Release|Any CPU
		{B8516711-4B40-4DE8-B00F-6B708FA2C642}.Ad-Hoc|iPhone.ActiveCfg = Release|Any CPU
		{B8516711-4B40-4DE8-B00F-6B708FA2C642}.Ad-Hoc|iPhone.Build.0 = Release|Any CPU
		{B8516711-4B40-4DE8-B00F-6B708FA2C642}.AppStore|iPhone.ActiveCfg = Release|Any CPU
		{B8516711-4B40-4DE8-B00F-6B708FA2C642}.AppStore|iPhone.Build.0 = Release|Any CPU
		{B8516711-4B40-4DE8-B00F-6B708FA2C642}.Debug|Any CPU.ActiveCfg = Debug|Any CPU
		{B8516711-4B40-4DE8-B00F-6B708FA2C642}.Debug|Any CPU.Build.0 = Debug|Any CPU
		{B8516711-4B40-4DE8-B00F-6B708FA2C642}.Release|Any CPU.ActiveCfg = Release|Any CPU
		{B8516711-4B40-4DE8-B00F-6B708FA2C642}.Release|Any CPU.Build.0 = Release|Any CPU
		{B8516711-4B40-4DE8-B00F-6B708FA2C642}.Gorilla|iPhoneSimulator.ActiveCfg = Gorilla|iPhoneSimulator
		{B8516711-4B40-4DE8-B00F-6B708FA2C642}.Gorilla|iPhoneSimulator.Build.0 = Gorilla|iPhoneSimulator
	EndGlobalSection
	GlobalSection(MonoDevelopProperties) = preSolution
		Policies = $0
		$0.DotNetNamingPolicy = $1
		$1.DirectoryNamespaceAssociation = PrefixedHierarchical
	EndGlobalSection
EndGlobal
